
Microsoft Visual Studio Solution File, Format Version 12.00
# Visual Studio Version 17
VisualStudioVersion = 17.0.31903.59
MinimumVisualStudioVersion = 10.0.40219.1
Project("{FAE04EC0-301F-11D3-BF4B-00C04F79EFBC}") = "JTDev.DbMigrator", "JTDev.DbMigrator.csproj", "{D76C3448-3E77-461F-A5FD-BF48DBAF4E26}"
EndProject
Project("{2150E333-8FDC-42A3-9474-1A3956D46DE8}") = "tests", "tests", "{0AB3BF05-4346-4AA6-1389-037BE0695223}"
EndProject
Project("{FAE04EC0-301F-11D3-BF4B-00C04F79EFBC}") = "JTDev.DbMigrator.Tests", "tests\JTDev.DbMigrator.Tests\JTDev.DbMigrator.Tests.csproj", "{9BF801E3-63E9-4903-8FFD-7752DA332F09}"
EndProject
Global
	GlobalSection(SolutionConfigurationPlatforms) = preSolution
		Debug|Any CPU = Debug|Any CPU
		Debug|x64 = Debug|x64
		Debug|x86 = Debug|x86
		Release|Any CPU = Release|Any CPU
		Release|x64 = Release|x64
		Release|x86 = Release|x86
	EndGlobalSection
	GlobalSection(ProjectConfigurationPlatforms) = postSolution
		{D76C3448-3E77-461F-A5FD-BF48DBAF4E26}.Debug|Any CPU.ActiveCfg = Debug|Any CPU
		{D76C3448-3E77-461F-A5FD-BF48DBAF4E26}.Debug|Any CPU.Build.0 = Debug|Any CPU
		{D76C3448-3E77-461F-A5FD-BF48DBAF4E26}.Debug|x64.ActiveCfg = Debug|Any CPU
		{D76C3448-3E77-461F-A5FD-BF48DBAF4E26}.Debug|x64.Build.0 = Debug|Any CPU
		{D76C3448-3E77-461F-A5FD-BF48DBAF4E26}.Debug|x86.ActiveCfg = Debug|Any CPU
		{D76C3448-3E77-461F-A5FD-BF48DBAF4E26}.Debug|x86.Build.0 = Debug|Any CPU
		{D76C3448-3E77-461F-A5FD-BF48DBAF4E26}.Release|Any CPU.ActiveCfg = Release|Any CPU
		{D76C3448-3E77-461F-A5FD-BF48DBAF4E26}.Release|Any CPU.Build.0 = Release|Any CPU
		{D76C3448-3E77-461F-A5FD-BF48DBAF4E26}.Release|x64.ActiveCfg = Release|Any CPU
		{D76C3448-3E77-461F-A5FD-BF48DBAF4E26}.Release|x64.Build.0 = Release|Any CPU
		{D76C3448-3E77-461F-A5FD-BF48DBAF4E26}.Release|x86.ActiveCfg = Release|Any CPU
		{D76C3448-3E77-461F-A5FD-BF48DBAF4E26}.Release|x86.Build.0 = Release|Any CPU
		{9BF801E3-63E9-4903-8FFD-7752DA332F09}.Debug|Any CPU.ActiveCfg = Debug|Any CPU
		{9BF801E3-63E9-4903-8FFD-7752DA332F09}.Debug|Any CPU.Build.0 = Debug|Any CPU
		{9BF801E3-63E9-4903-8FFD-7752DA332F09}.Debug|x64.ActiveCfg = Debug|Any CPU
		{9BF801E3-63E9-4903-8FFD-7752DA332F09}.Debug|x64.Build.0 = Debug|Any CPU
		{9BF801E3-63E9-4903-8FFD-7752DA332F09}.Debug|x86.ActiveCfg = Debug|Any CPU
		{9BF801E3-63E9-4903-8FFD-7752DA332F09}.Debug|x86.Build.0 = Debug|Any CPU
		{9BF801E3-63E9-4903-8FFD-7752DA332F09}.Release|Any CPU.ActiveCfg = Release|Any CPU
		{9BF801E3-63E9-4903-8FFD-7752DA332F09}.Release|Any CPU.Build.0 = Release|Any CPU
		{9BF801E3-63E9-4903-8FFD-7752DA332F09}.Release|x64.ActiveCfg = Release|Any CPU
		{9BF801E3-63E9-4903-8FFD-7752DA332F09}.Release|x64.Build.0 = Release|Any CPU
		{9BF801E3-63E9-4903-8FFD-7752DA332F09}.Release|x86.ActiveCfg = Release|Any CPU
		{9BF801E3-63E9-4903-8FFD-7752DA332F09}.Release|x86.Build.0 = Release|Any CPU
	EndGlobalSection
	GlobalSection(SolutionProperties) = preSolution
		HideSolutionNode = FALSE
	EndGlobalSection
	GlobalSection(NestedProjects) = preSolution
		{9BF801E3-63E9-4903-8FFD-7752DA332F09} = {0AB3BF05-4346-4AA6-1389-037BE0695223}
	EndGlobalSection
EndGlobal
